// !$*UTF8*$!
{
	archiveVersion = 1;
	classes = {
	};
	objectVersion = 55;
	objects = {

/* Begin PBXBuildFile section */
		944B7ADD2773D0BF008CF1FB /* LifeClickerApp.swift in Sources */ = {isa = PBXBuildFile; fileRef = 944B7ADC2773D0BF008CF1FB /* LifeClickerApp.swift */; };
		944B7ADF2773D0BF008CF1FB /* ContentView.swift in Sources */ = {isa = PBXBuildFile; fileRef = 944B7ADE2773D0BF008CF1FB /* ContentView.swift */; };
		944B7AE12773D0C1008CF1FB /* Assets.xcassets in Resources */ = {isa = PBXBuildFile; fileRef = 944B7AE02773D0C1008CF1FB /* Assets.xcassets */; };
		944B7AE42773D0C1008CF1FB /* Preview Assets.xcassets in Resources */ = {isa = PBXBuildFile; fileRef = 944B7AE32773D0C1008CF1FB /* Preview Assets.xcassets */; };
		944B7AEE2773D0C1008CF1FB /* LifeClickerTests.swift in Sources */ = {isa = PBXBuildFile; fileRef = 944B7AED2773D0C1008CF1FB /* LifeClickerTests.swift */; };
		944B7AF82773D0C1008CF1FB /* LifeClickerUITests.swift in Sources */ = {isa = PBXBuildFile; fileRef = 944B7AF72773D0C1008CF1FB /* LifeClickerUITests.swift */; };
		944B7AFA2773D0C1008CF1FB /* LifeClickerUITestsLaunchTests.swift in Sources */ = {isa = PBXBuildFile; fileRef = 944B7AF92773D0C1008CF1FB /* LifeClickerUITestsLaunchTests.swift */; };
/* End PBXBuildFile section */

/* Begin PBXContainerItemProxy section */
		944B7AEA2773D0C1008CF1FB /* PBXContainerItemProxy */ = {
			isa = PBXContainerItemProxy;
			containerPortal = 944B7AD12773D0BF008CF1FB /* Project object */;
			proxyType = 1;
			remoteGlobalIDString = 944B7AD82773D0BF008CF1FB;
			remoteInfo = LifeClicker;
		};
		944B7AF42773D0C1008CF1FB /* PBXContainerItemProxy */ = {
			isa = PBXContainerItemProxy;
			containerPortal = 944B7AD12773D0BF008CF1FB /* Project object */;
			proxyType = 1;
			remoteGlobalIDString = 944B7AD82773D0BF008CF1FB;
			remoteInfo = LifeClicker;
		};
/* End PBXContainerItemProxy section */

/* Begin PBXFileReference section */
		944B7AD92773D0BF008CF1FB /* LifeClicker.app */ = {isa = PBXFileReference; explicitFileType = wrapper.application; includeInIndex = 0; path = LifeClicker.app; sourceTree = BUILT_PRODUCTS_DIR; };
		944B7ADC2773D0BF008CF1FB /* LifeClickerApp.swift */ = {isa = PBXFileReference; lastKnownFileType = sourcecode.swift; path = LifeClickerApp.swift; sourceTree = "<group>"; };
		944B7ADE2773D0BF008CF1FB /* ContentView.swift */ = {isa = PBXFileReference; lastKnownFileType = sourcecode.swift; path = ContentView.swift; sourceTree = "<group>"; };
		944B7AE02773D0C1008CF1FB /* Assets.xcassets */ = {isa = PBXFileReference; lastKnownFileType = folder.assetcatalog; path = Assets.xcassets; sourceTree = "<group>"; };
		944B7AE32773D0C1008CF1FB /* Preview Assets.xcassets */ = {isa = PBXFileReference; lastKnownFileType = folder.assetcatalog; path = "Preview Assets.xcassets"; sourceTree = "<group>"; };
		944B7AE92773D0C1008CF1FB /* LifeClickerTests.xctest */ = {isa = PBXFileReference; explicitFileType = wrapper.cfbundle; includeInIndex = 0; path = LifeClickerTests.xctest; sourceTree = BUILT_PRODUCTS_DIR; };
		944B7AED2773D0C1008CF1FB /* LifeClickerTests.swift */ = {isa = PBXFileReference; lastKnownFileType = sourcecode.swift; path = LifeClickerTests.swift; sourceTree = "<group>"; };
		944B7AF32773D0C1008CF1FB /* LifeClickerUITests.xctest */ = {isa = PBXFileReference; explicitFileType = wrapper.cfbundle; includeInIndex = 0; path = LifeClickerUITests.xctest; sourceTree = BUILT_PRODUCTS_DIR; };
		944B7AF72773D0C1008CF1FB /* LifeClickerUITests.swift */ = {isa = PBXFileReference; lastKnownFileType = sourcecode.swift; path = LifeClickerUITests.swift; sourceTree = "<group>"; };
		944B7AF92773D0C1008CF1FB /* LifeClickerUITestsLaunchTests.swift */ = {isa = PBXFileReference; lastKnownFileType = sourcecode.swift; path = LifeClickerUITestsLaunchTests.swift; sourceTree = "<group>"; };
/* End PBXFileReference section */

/* Begin PBXFrameworksBuildPhase section */
		944B7AD62773D0BF008CF1FB /* Frameworks */ = {
			isa = PBXFrameworksBuildPhase;
			buildActionMask = 2147483647;
			files = (
			);
			runOnlyForDeploymentPostprocessing = 0;
		};
		944B7AE62773D0C1008CF1FB /* Frameworks */ = {
			isa = PBXFrameworksBuildPhase;
			buildActionMask = 2147483647;
			files = (
			);
			runOnlyForDeploymentPostprocessing = 0;
		};
		944B7AF02773D0C1008CF1FB /* Frameworks */ = {
			isa = PBXFrameworksBuildPhase;
			buildActionMask = 2147483647;
			files = (
			);
			runOnlyForDeploymentPostprocessing = 0;
		};
/* End PBXFrameworksBuildPhase section */

/* Begin PBXGroup section */
		944B7AD02773D0BF008CF1FB = {
			isa = PBXGroup;
			children = (
				944B7ADB2773D0BF008CF1FB /* LifeClicker */,
				944B7AEC2773D0C1008CF1FB /* LifeClickerTests */,
				944B7AF62773D0C1008CF1FB /* LifeClickerUITests */,
				944B7ADA2773D0BF008CF1FB /* Products */,
			);
			sourceTree = "<group>";
		};
		944B7ADA2773D0BF008CF1FB /* Products */ = {
			isa = PBXGroup;
			children = (
				944B7AD92773D0BF008CF1FB /* LifeClicker.app */,
				944B7AE92773D0C1008CF1FB /* LifeClickerTests.xctest */,
				944B7AF32773D0C1008CF1FB /* LifeClickerUITests.xctest */,
			);
			name = Products;
			sourceTree = "<group>";
		};
		944B7ADB2773D0BF008CF1FB /* LifeClicker */ = {
			isa = PBXGroup;
			children = (
				944B7ADC2773D0BF008CF1FB /* LifeClickerApp.swift */,
				944B7ADE2773D0BF008CF1FB /* ContentView.swift */,
				944B7AE02773D0C1008CF1FB /* Assets.xcassets */,
				944B7AE22773D0C1008CF1FB /* Preview Content */,
			);
			path = LifeClicker;
			sourceTree = "<group>";
		};
		944B7AE22773D0C1008CF1FB /* Preview Content */ = {
			isa = PBXGroup;
			children = (
				944B7AE32773D0C1008CF1FB /* Preview Assets.xcassets */,
			);
			path = "Preview Content";
			sourceTree = "<group>";
		};
		944B7AEC2773D0C1008CF1FB /* LifeClickerTests */ = {
			isa = PBXGroup;
			children = (
				944B7AED2773D0C1008CF1FB /* LifeClickerTests.swift */,
			);
			path = LifeClickerTests;
			sourceTree = "<group>";
		};
		944B7AF62773D0C1008CF1FB /* LifeClickerUITests */ = {
			isa = PBXGroup;
			children = (
				944B7AF72773D0C1008CF1FB /* LifeClickerUITests.swift */,
				944B7AF92773D0C1008CF1FB /* LifeClickerUITestsLaunchTests.swift */,
			);
			path = LifeClickerUITests;
			sourceTree = "<group>";
		};
/* End PBXGroup section */

/* Begin PBXNativeTarget section */
		944B7AD82773D0BF008CF1FB /* LifeClicker */ = {
			isa = PBXNativeTarget;
			buildConfigurationList = 944B7AFD2773D0C1008CF1FB /* Build configuration list for PBXNativeTarget "LifeClicker" */;
			buildPhases = (
				944B7AD52773D0BF008CF1FB /* Sources */,
				944B7AD62773D0BF008CF1FB /* Frameworks */,
				944B7AD72773D0BF008CF1FB /* Resources */,
			);
			buildRules = (
			);
			dependencies = (
			);
			name = LifeClicker;
			productName = LifeClicker;
			productReference = 944B7AD92773D0BF008CF1FB /* LifeClicker.app */;
			productType = "com.apple.product-type.application";
		};
		944B7AE82773D0C1008CF1FB /* LifeClickerTests */ = {
			isa = PBXNativeTarget;
			buildConfigurationList = 944B7B002773D0C1008CF1FB /* Build configuration list for PBXNativeTarget "LifeClickerTests" */;
			buildPhases = (
				944B7AE52773D0C1008CF1FB /* Sources */,
				944B7AE62773D0C1008CF1FB /* Frameworks */,
				944B7AE72773D0C1008CF1FB /* Resources */,
			);
			buildRules = (
			);
			dependencies = (
				944B7AEB2773D0C1008CF1FB /* PBXTargetDependency */,
			);
			name = LifeClickerTests;
			productName = LifeClickerTests;
			productReference = 944B7AE92773D0C1008CF1FB /* LifeClickerTests.xctest */;
			productType = "com.apple.product-type.bundle.unit-test";
		};
		944B7AF22773D0C1008CF1FB /* LifeClickerUITests */ = {
			isa = PBXNativeTarget;
			buildConfigurationList = 944B7B032773D0C1008CF1FB /* Build configuration list for PBXNativeTarget "LifeClickerUITests" */;
			buildPhases = (
				944B7AEF2773D0C1008CF1FB /* Sources */,
				944B7AF02773D0C1008CF1FB /* Frameworks */,
				944B7AF12773D0C1008CF1FB /* Resources */,
			);
			buildRules = (
			);
			dependencies = (
				944B7AF52773D0C1008CF1FB /* PBXTargetDependency */,
			);
			name = LifeClickerUITests;
			productName = LifeClickerUITests;
			productReference = 944B7AF32773D0C1008CF1FB /* LifeClickerUITests.xctest */;
			productType = "com.apple.product-type.bundle.ui-testing";
		};
/* End PBXNativeTarget section */

/* Begin PBXProject section */
		944B7AD12773D0BF008CF1FB /* Project object */ = {
			isa = PBXProject;
			attributes = {
				BuildIndependentTargetsInParallel = 1;
				LastSwiftUpdateCheck = 1320;
				LastUpgradeCheck = 1320;
				TargetAttributes = {
					944B7AD82773D0BF008CF1FB = {
						CreatedOnToolsVersion = 13.2.1;
					};
					944B7AE82773D0C1008CF1FB = {
						CreatedOnToolsVersion = 13.2.1;
						TestTargetID = 944B7AD82773D0BF008CF1FB;
					};
					944B7AF22773D0C1008CF1FB = {
						CreatedOnToolsVersion = 13.2.1;
						TestTargetID = 944B7AD82773D0BF008CF1FB;
					};
				};
			};
			buildConfigurationList = 944B7AD42773D0BF008CF1FB /* Build configuration list for PBXProject "LifeClicker" */;
			compatibilityVersion = "Xcode 13.0";
			developmentRegion = en;
			hasScannedForEncodings = 0;
			knownRegions = (
				en,
				Base,
			);
			mainGroup = 944B7AD02773D0BF008CF1FB;
			productRefGroup = 944B7ADA2773D0BF008CF1FB /* Products */;
			projectDirPath = "";
			projectRoot = "";
			targets = (
				944B7AD82773D0BF008CF1FB /* LifeClicker */,
				944B7AE82773D0C1008CF1FB /* LifeClickerTests */,
				944B7AF22773D0C1008CF1FB /* LifeClickerUITests */,
			);
		};
/* End PBXProject section */

/* Begin PBXResourcesBuildPhase section */
		944B7AD72773D0BF008CF1FB /* Resources */ = {
			isa = PBXResourcesBuildPhase;
			buildActionMask = 2147483647;
			files = (
				944B7AE42773D0C1008CF1FB /* Preview Assets.xcassets in Resources */,
				944B7AE12773D0C1008CF1FB /* Assets.xcassets in Resources */,
			);
			runOnlyForDeploymentPostprocessing = 0;
		};
		944B7AE72773D0C1008CF1FB /* Resources */ = {
			isa = PBXResourcesBuildPhase;
			buildActionMask = 2147483647;
			files = (
			);
			runOnlyForDeploymentPostprocessing = 0;
		};
		944B7AF12773D0C1008CF1FB /* Resources */ = {
			isa = PBXResourcesBuildPhase;
			buildActionMask = 2147483647;
			files = (
			);
			runOnlyForDeploymentPostprocessing = 0;
		};
/* End PBXResourcesBuildPhase section */

/* Begin PBXSourcesBuildPhase section */
		944B7AD52773D0BF008CF1FB /* Sources */ = {
			isa = PBXSourcesBuildPhase;
			buildActionMask = 2147483647;
			files = (
				944B7ADF2773D0BF008CF1FB /* ContentView.swift in Sources */,
				944B7ADD2773D0BF008CF1FB /* LifeClickerApp.swift in Sources */,
			);
			runOnlyForDeploymentPostprocessing = 0;
		};
		944B7AE52773D0C1008CF1FB /* Sources */ = {
			isa = PBXSourcesBuildPhase;
			buildActionMask = 2147483647;
			files = (
				944B7AEE2773D0C1008CF1FB /* LifeClickerTests.swift in Sources */,
			);
			runOnlyForDeploymentPostprocessing = 0;
		};
		944B7AEF2773D0C1008CF1FB /* Sources */ = {
			isa = PBXSourcesBuildPhase;
			buildActionMask = 2147483647;
			files = (
				944B7AFA2773D0C1008CF1FB /* LifeClickerUITestsLaunchTests.swift in Sources */,
				944B7AF82773D0C1008CF1FB /* LifeClickerUITests.swift in Sources */,
			);
			runOnlyForDeploymentPostprocessing = 0;
		};
/* End PBXSourcesBuildPhase section */

/* Begin PBXTargetDependency section */
		944B7AEB2773D0C1008CF1FB /* PBXTargetDependency */ = {
			isa = PBXTargetDependency;
			target = 944B7AD82773D0BF008CF1FB /* LifeClicker */;
			targetProxy = 944B7AEA2773D0C1008CF1FB /* PBXContainerItemProxy */;
		};
		944B7AF52773D0C1008CF1FB /* PBXTargetDependency */ = {
			isa = PBXTargetDependency;
			target = 944B7AD82773D0BF008CF1FB /* LifeClicker */;
			targetProxy = 944B7AF42773D0C1008CF1FB /* PBXContainerItemProxy */;
		};
/* End PBXTargetDependency section */

/* Begin XCBuildConfiguration section */
		944B7AFB2773D0C1008CF1FB /* Debug */ = {
			isa = XCBuildConfiguration;
			buildSettings = {
				ALWAYS_SEARCH_USER_PATHS = NO;
				CLANG_ANALYZER_NONNULL = YES;
				CLANG_ANALYZER_NUMBER_OBJECT_CONVERSION = YES_AGGRESSIVE;
				CLANG_CXX_LANGUAGE_STANDARD = "gnu++17";
				CLANG_CXX_LIBRARY = "libc++";
				CLANG_ENABLE_MODULES = YES;
				CLANG_ENABLE_OBJC_ARC = YES;
				CLANG_ENABLE_OBJC_WEAK = YES;
				CLANG_WARN_BLOCK_CAPTURE_AUTORELEASING = YES;
				CLANG_WARN_BOOL_CONVERSION = YES;
				CLANG_WARN_COMMA = YES;
				CLANG_WARN_CONSTANT_CONVERSION = YES;
				CLANG_WARN_DEPRECATED_OBJC_IMPLEMENTATIONS = YES;
				CLANG_WARN_DIRECT_OBJC_ISA_USAGE = YES_ERROR;
				CLANG_WARN_DOCUMENTATION_COMMENTS = YES;
				CLANG_WARN_EMPTY_BODY = YES;
				CLANG_WARN_ENUM_CONVERSION = YES;
				CLANG_WARN_INFINITE_RECURSION = YES;
				CLANG_WARN_INT_CONVERSION = YES;
				CLANG_WARN_NON_LITERAL_NULL_CONVERSION = YES;
				CLANG_WARN_OBJC_IMPLICIT_RETAIN_SELF = YES;
				CLANG_WARN_OBJC_LITERAL_CONVERSION = YES;
				CLANG_WARN_OBJC_ROOT_CLASS = YES_ERROR;
				CLANG_WARN_QUOTED_INCLUDE_IN_FRAMEWORK_HEADER = YES;
				CLANG_WARN_RANGE_LOOP_ANALYSIS = YES;
				CLANG_WARN_STRICT_PROTOTYPES = YES;
				CLANG_WARN_SUSPICIOUS_MOVE = YES;
				CLANG_WARN_UNGUARDED_AVAILABILITY = YES_AGGRESSIVE;
				CLANG_WARN_UNREACHABLE_CODE = YES;
				CLANG_WARN__DUPLICATE_METHOD_MATCH = YES;
				COPY_PHASE_STRIP = NO;
				DEBUG_INFORMATION_FORMAT = dwarf;
				ENABLE_STRICT_OBJC_MSGSEND = YES;
				ENABLE_TESTABILITY = YES;
				GCC_C_LANGUAGE_STANDARD = gnu11;
				GCC_DYNAMIC_NO_PIC = NO;
				GCC_NO_COMMON_BLOCKS = YES;
				GCC_OPTIMIZATION_LEVEL = 0;
				GCC_PREPROCESSOR_DEFINITIONS = (
					"DEBUG=1",
					"$(inherited)",
				);
				GCC_WARN_64_TO_32_BIT_CONVERSION = YES;
				GCC_WARN_ABOUT_RETURN_TYPE = YES_ERROR;
				GCC_WARN_UNDECLARED_SELECTOR = YES;
				GCC_WARN_UNINITIALIZED_AUTOS = YES_AGGRESSIVE;
				GCC_WARN_UNUSED_FUNCTION = YES;
				GCC_WARN_UNUSED_VARIABLE = YES;
				IPHONEOS_DEPLOYMENT_TARGET = 15.2;
				MTL_ENABLE_DEBUG_INFO = INCLUDE_SOURCE;
				MTL_FAST_MATH = YES;
				ONLY_ACTIVE_ARCH = YES;
				SDKROOT = iphoneos;
				SWIFT_ACTIVE_COMPILATION_CONDITIONS = DEBUG;
				SWIFT_OPTIMIZATION_LEVEL = "-Onone";
			};
			name = Debug;
		};
		944B7AFC2773D0C1008CF1FB /* Release */ = {
			isa = XCBuildConfiguration;
			buildSettings = {
				ALWAYS_SEARCH_USER_PATHS = NO;
				CLANG_ANALYZER_NONNULL = YES;
				CLANG_ANALYZER_NUMBER_OBJECT_CONVERSION = YES_AGGRESSIVE;
				CLANG_CXX_LANGUAGE_STANDARD = "gnu++17";
				CLANG_CXX_LIBRARY = "libc++";
				CLANG_ENABLE_MODULES = YES;
				CLANG_ENABLE_OBJC_ARC = YES;
				CLANG_ENABLE_OBJC_WEAK = YES;
				CLANG_WARN_BLOCK_CAPTURE_AUTORELEASING = YES;
				CLANG_WARN_BOOL_CONVERSION = YES;
				CLANG_WARN_COMMA = YES;
				CLANG_WARN_CONSTANT_CONVERSION = YES;
				CLANG_WARN_DEPRECATED_OBJC_IMPLEMENTATIONS = YES;
				CLANG_WARN_DIRECT_OBJC_ISA_USAGE = YES_ERROR;
				CLANG_WARN_DOCUMENTATION_COMMENTS = YES;
				CLANG_WARN_EMPTY_BODY = YES;
				CLANG_WARN_ENUM_CONVERSION = YES;
				CLANG_WARN_INFINITE_RECURSION = YES;
				CLANG_WARN_INT_CONVERSION = YES;
				CLANG_WARN_NON_LITERAL_NULL_CONVERSION = YES;
				CLANG_WARN_OBJC_IMPLICIT_RETAIN_SELF = YES;
				CLANG_WARN_OBJC_LITERAL_CONVERSION = YES;
				CLANG_WARN_OBJC_ROOT_CLASS = YES_ERROR;
				CLANG_WARN_QUOTED_INCLUDE_IN_FRAMEWORK_HEADER = YES;
				CLANG_WARN_RANGE_LOOP_ANALYSIS = YES;
				CLANG_WARN_STRICT_PROTOTYPES = YES;
				CLANG_WARN_SUSPICIOUS_MOVE = YES;
				CLANG_WARN_UNGUARDED_AVAILABILITY = YES_AGGRESSIVE;
				CLANG_WARN_UNREACHABLE_CODE = YES;
				CLANG_WARN__DUPLICATE_METHOD_MATCH = YES;
				COPY_PHASE_STRIP = NO;
				DEBUG_INFORMATION_FORMAT = "dwarf-with-dsym";
				ENABLE_NS_ASSERTIONS = NO;
				ENABLE_STRICT_OBJC_MSGSEND = YES;
				GCC_C_LANGUAGE_STANDARD = gnu11;
				GCC_NO_COMMON_BLOCKS = YES;
				GCC_WARN_64_TO_32_BIT_CONVERSION = YES;
				GCC_WARN_ABOUT_RETURN_TYPE = YES_ERROR;
				GCC_WARN_UNDECLARED_SELECTOR = YES;
				GCC_WARN_UNINITIALIZED_AUTOS = YES_AGGRESSIVE;
				GCC_WARN_UNUSED_FUNCTION = YES;
				GCC_WARN_UNUSED_VARIABLE = YES;
				IPHONEOS_DEPLOYMENT_TARGET = 15.2;
				MTL_ENABLE_DEBUG_INFO = NO;
				MTL_FAST_MATH = YES;
				SDKROOT = iphoneos;
				SWIFT_COMPILATION_MODE = wholemodule;
				SWIFT_OPTIMIZATION_LEVEL = "-O";
				VALIDATE_PRODUCT = YES;
			};
			name = Release;
		};
		944B7AFE2773D0C1008CF1FB /* Debug */ = {
			isa = XCBuildConfiguration;
			buildSettings = {
				ASSETCATALOG_COMPILER_APPICON_NAME = AppIcon;
				ASSETCATALOG_COMPILER_GLOBAL_ACCENT_COLOR_NAME = AccentColor;
				CODE_SIGN_STYLE = Automatic;
				CURRENT_PROJECT_VERSION = 1;
				DEVELOPMENT_ASSET_PATHS = "\"LifeClicker/Preview Content\"";
				ENABLE_PREVIEWS = YES;
				GENERATE_INFOPLIST_FILE = YES;
				INFOPLIST_KEY_UIApplicationSceneManifest_Generation = YES;
				INFOPLIST_KEY_UIApplicationSupportsIndirectInputEvents = YES;
				INFOPLIST_KEY_UILaunchScreen_Generation = YES;
				INFOPLIST_KEY_UISupportedInterfaceOrientations_iPad = "UIInterfaceOrientationPortrait UIInterfaceOrientationPortraitUpsideDown UIInterfaceOrientationLandscapeLeft UIInterfaceOrientationLandscapeRight";
				INFOPLIST_KEY_UISupportedInterfaceOrientations_iPhone = "UIInterfaceOrientationPortrait UIInterfaceOrientationLandscapeLeft UIInterfaceOrientationLandscapeRight";
				LD_RUNPATH_SEARCH_PATHS = (
					"$(inherited)",
					"@executable_path/Frameworks",
				);
				MARKETING_VERSION = 1.0;
				PRODUCT_BUNDLE_IDENTIFIER = RyanJohannesBland.LifeClicker;
				PRODUCT_NAME = "$(TARGET_NAME)";
				SWIFT_EMIT_LOC_STRINGS = YES;
				SWIFT_VERSION = 5.0;
				TARGETED_DEVICE_FAMILY = "1,2";
			};
			name = Debug;
		};
		944B7AFF2773D0C1008CF1FB /* Release */ = {
			isa = XCBuildConfiguration;
			buildSettings = {
				ASSETCATALOG_COMPILER_APPICON_NAME = AppIcon;
				ASSETCATALOG_COMPILER_GLOBAL_ACCENT_COLOR_NAME = AccentColor;
				CODE_SIGN_STYLE = Automatic;
				CURRENT_PROJECT_VERSION = 1;
				DEVELOPMENT_ASSET_PATHS = "\"LifeClicker/Preview Content\"";
				ENABLE_PREVIEWS = YES;
				GENERATE_INFOPLIST_FILE = YES;
				INFOPLIST_KEY_UIApplicationSceneManifest_Generation = YES;
				INFOPLIST_KEY_UIApplicationSupportsIndirectInputEvents = YES;
				INFOPLIST_KEY_UILaunchScreen_Generation = YES;
				INFOPLIST_KEY_UISupportedInterfaceOrientations_iPad = "UIInterfaceOrientationPortrait UIInterfaceOrientationPortraitUpsideDown UIInterfaceOrientationLandscapeLeft UIInterfaceOrientationLandscapeRight";
				INFOPLIST_KEY_UISupportedInterfaceOrientations_iPhone = "UIInterfaceOrientationPortrait UIInterfaceOrientationLandscapeLeft UIInterfaceOrientationLandscapeRight";
				LD_RUNPATH_SEARCH_PATHS = (
					"$(inherited)",
					"@executable_path/Frameworks",
				);
				MARKETING_VERSION = 1.0;
				PRODUCT_BUNDLE_IDENTIFIER = RyanJohannesBland.LifeClicker;
				PRODUCT_NAME = "$(TARGET_NAME)";
				SWIFT_EMIT_LOC_STRINGS = YES;
				SWIFT_VERSION = 5.0;
				TARGETED_DEVICE_FAMILY = "1,2";
			};
			name = Release;
		};
		944B7B012773D0C1008CF1FB /* Debug */ = {
			isa = XCBuildConfiguration;
			buildSettings = {
				ALWAYS_EMBED_SWIFT_STANDARD_LIBRARIES = YES;
				BUNDLE_LOADER = "$(TEST_HOST)";
				CODE_SIGN_STYLE = Automatic;
				CURRENT_PROJECT_VERSION = 1;
				GENERATE_INFOPLIST_FILE = YES;
				IPHONEOS_DEPLOYMENT_TARGET = 15.2;
				MARKETING_VERSION = 1.0;
				PRODUCT_BUNDLE_IDENTIFIER = RyanJohannesBland.LifeClickerTests;
				PRODUCT_NAME = "$(TARGET_NAME)";
				SWIFT_EMIT_LOC_STRINGS = NO;
				SWIFT_VERSION = 5.0;
				TARGETED_DEVICE_FAMILY = "1,2";
				TEST_HOST = "$(BUILT_PRODUCTS_DIR)/LifeClicker.app/LifeClicker";
			};
			name = Debug;
		};
		944B7B022773D0C1008CF1FB /* Release */ = {
			isa = XCBuildConfiguration;
			buildSettings = {
				ALWAYS_EMBED_SWIFT_STANDARD_LIBRARIES = YES;
				BUNDLE_LOADER = "$(TEST_HOST)";
				CODE_SIGN_STYLE = Automatic;
				CURRENT_PROJECT_VERSION = 1;
				GENERATE_INFOPLIST_FILE = YES;
				IPHONEOS_DEPLOYMENT_TARGET = 15.2;
				MARKETING_VERSION = 1.0;
				PRODUCT_BUNDLE_IDENTIFIER = RyanJohannesBland.LifeClickerTests;
				PRODUCT_NAME = "$(TARGET_NAME)";
				SWIFT_EMIT_LOC_STRINGS = NO;
				SWIFT_VERSION = 5.0;
				TARGETED_DEVICE_FAMILY = "1,2";
				TEST_HOST = "$(BUILT_PRODUCTS_DIR)/LifeClicker.app/LifeClicker";
			};
			name = Release;
		};
		944B7B042773D0C1008CF1FB /* Debug */ = {
			isa = XCBuildConfiguration;
			buildSettings = {
				ALWAYS_EMBED_SWIFT_STANDARD_LIBRARIES = YES;
				CODE_SIGN_STYLE = Automatic;
				CURRENT_PROJECT_VERSION = 1;
				GENERATE_INFOPLIST_FILE = YES;
				MARKETING_VERSION = 1.0;
				PRODUCT_BUNDLE_IDENTIFIER = RyanJohannesBland.LifeClickerUITests;
				PRODUCT_NAME = "$(TARGET_NAME)";
				SWIFT_EMIT_LOC_STRINGS = NO;
				SWIFT_VERSION = 5.0;
				TARGETED_DEVICE_FAMILY = "1,2";
				TEST_TARGET_NAME = LifeClicker;
			};
			name = Debug;
		};
		944B7B052773D0C1008CF1FB /* Release */ = {
			isa = XCBuildConfiguration;
			buildSettings = {
				ALWAYS_EMBED_SWIFT_STANDARD_LIBRARIES = YES;
				CODE_SIGN_STYLE = Automatic;
				CURRENT_PROJECT_VERSION = 1;
				GENERATE_INFOPLIST_FILE = YES;
				MARKETING_VERSION = 1.0;
				PRODUCT_BUNDLE_IDENTIFIER = RyanJohannesBland.LifeClickerUITests;
				PRODUCT_NAME = "$(TARGET_NAME)";
				SWIFT_EMIT_LOC_STRINGS = NO;
				SWIFT_VERSION = 5.0;
				TARGETED_DEVICE_FAMILY = "1,2";
				TEST_TARGET_NAME = LifeClicker;
			};
			name = Release;
		};
/* End XCBuildConfiguration section */

/* Begin XCConfigurationList section */
		944B7AD42773D0BF008CF1FB /* Build configuration list for PBXProject "LifeClicker" */ = {
			isa = XCConfigurationList;
			buildConfigurations = (
				944B7AFB2773D0C1008CF1FB /* Debug */,
				944B7AFC2773D0C1008CF1FB /* Release */,
			);
			defaultConfigurationIsVisible = 0;
			defaultConfigurationName = Release;
		};
		944B7AFD2773D0C1008CF1FB /* Build configuration list for PBXNativeTarget "LifeClicker" */ = {
			isa = XCConfigurationList;
			buildConfigurations = (
				944B7AFE2773D0C1008CF1FB /* Debug */,
				944B7AFF2773D0C1008CF1FB /* Release */,
			);
			defaultConfigurationIsVisible = 0;
			defaultConfigurationName = Release;
		};
		944B7B002773D0C1008CF1FB /* Build configuration list for PBXNativeTarget "LifeClickerTests" */ = {
			isa = XCConfigurationList;
			buildConfigurations = (
				944B7B012773D0C1008CF1FB /* Debug */,
				944B7B022773D0C1008CF1FB /* Release */,
			);
			defaultConfigurationIsVisible = 0;
			defaultConfigurationName = Release;
		};
		944B7B032773D0C1008CF1FB /* Build configuration list for PBXNativeTarget "LifeClickerUITests" */ = {
			isa = XCConfigurationList;
			buildConfigurations = (
				944B7B042773D0C1008CF1FB /* Debug */,
				944B7B052773D0C1008CF1FB /* Release */,
			);
			defaultConfigurationIsVisible = 0;
			defaultConfigurationName = Release;
		};
/* End XCConfigurationList section */
	};
	rootObject = 944B7AD12773D0BF008CF1FB /* Project object */;
}
